
Microsoft Visual Studio Solution File, Format Version 12.00
# Visual Studio Version 16
VisualStudioVersion = 16.0.30523.141
MinimumVisualStudioVersion = 10.0.40219.1
Project("{FAE04EC0-301F-11D3-BF4B-00C04F79EFBC}") = "LH001", "LH001\LH001.csproj", "{5680D000-455D-4E80-82C0-975CCB57CC8F}"
EndProject
Project("{F2A71F9B-5D33-465A-A702-920D77279786}") = "Service.Apis", "Service.Apis\Service.Apis.fsproj", "{1EA897F2-4EB3-4245-8196-4EA897689067}"
EndProject
Global
	GlobalSection(SolutionConfigurationPlatforms) = preSolution
		Debug|Any CPU = Debug|Any CPU
		Release|Any CPU = Release|Any CPU
	EndGlobalSection
	GlobalSection(ProjectConfigurationPlatforms) = postSolution
		{5680D000-455D-4E80-82C0-975CCB57CC8F}.Debug|Any CPU.ActiveCfg = Debug|Any CPU
		{5680D000-455D-4E80-82C0-975CCB57CC8F}.Debug|Any CPU.Build.0 = Debug|Any CPU
		{5680D000-455D-4E80-82C0-975CCB57CC8F}.Release|Any CPU.ActiveCfg = Release|Any CPU
		{5680D000-455D-4E80-82C0-975CCB57CC8F}.Release|Any CPU.Build.0 = Release|Any CPU
		{1EA897F2-4EB3-4245-8196-4EA897689067}.Debug|Any CPU.ActiveCfg = Debug|Any CPU
		{1EA897F2-4EB3-4245-8196-4EA897689067}.Debug|Any CPU.Build.0 = Debug|Any CPU
		{1EA897F2-4EB3-4245-8196-4EA897689067}.Release|Any CPU.ActiveCfg = Release|Any CPU
		{1EA897F2-4EB3-4245-8196-4EA897689067}.Release|Any CPU.Build.0 = Release|Any CPU
	EndGlobalSection
	GlobalSection(SolutionProperties) = preSolution
		HideSolutionNode = FALSE
	EndGlobalSection
	GlobalSection(ExtensibilityGlobals) = postSolution
		SolutionGuid = {C1F818FC-A13C-4D7B-9DB0-E8497E240D49}
	EndGlobalSection
EndGlobal
